
Microsoft Visual Studio Solution File, Format Version 12.00
# Visual Studio Version 17
VisualStudioVersion = 17.3.32901.215
MinimumVisualStudioVersion = 10.0.40219.1
Project("{FAE04EC0-301F-11D3-BF4B-00C04F79EFBC}") = "ColourLibrary", "ColourLibrary\ColourLibrary.csproj", "{AC04A352-6D4E-4F3C-95F0-0DA1461ABBDD}"
EndProject
Project("{FAE04EC0-301F-11D3-BF4B-00C04F79EFBC}") = "ColourLibraryTests", "ColourLibraryTests\ColourLibraryTests.csproj", "{3CEF362A-DAF1-4C49-8C63-B3DB5B8D0827}"
EndProject
Project("{9A19103F-16F7-4668-BE54-9A1E7A4F7556}") = "PaletteStudioApi", "PaletteStudioApi\PaletteStudioApi.csproj", "{0519FF70-F2E2-4ADC-ADDD-8E16D3F9B0ED}"
EndProject
Project("{9A19103F-16F7-4668-BE54-9A1E7A4F7556}") = "PaletteStudioClient", "PaletteStudioClient\PaletteStudioClient.csproj", "{1A457E8E-C342-474A-8780-5FBE398DFB90}"
EndProject
Global
	GlobalSection(SolutionConfigurationPlatforms) = preSolution
		Debug|Any CPU = Debug|Any CPU
		Release|Any CPU = Release|Any CPU
	EndGlobalSection
	GlobalSection(ProjectConfigurationPlatforms) = postSolution
		{AC04A352-6D4E-4F3C-95F0-0DA1461ABBDD}.Debug|Any CPU.ActiveCfg = Debug|Any CPU
		{AC04A352-6D4E-4F3C-95F0-0DA1461ABBDD}.Debug|Any CPU.Build.0 = Debug|Any CPU
		{AC04A352-6D4E-4F3C-95F0-0DA1461ABBDD}.Release|Any CPU.ActiveCfg = Release|Any CPU
		{AC04A352-6D4E-4F3C-95F0-0DA1461ABBDD}.Release|Any CPU.Build.0 = Release|Any CPU
		{3CEF362A-DAF1-4C49-8C63-B3DB5B8D0827}.Debug|Any CPU.ActiveCfg = Debug|Any CPU
		{3CEF362A-DAF1-4C49-8C63-B3DB5B8D0827}.Debug|Any CPU.Build.0 = Debug|Any CPU
		{3CEF362A-DAF1-4C49-8C63-B3DB5B8D0827}.Release|Any CPU.ActiveCfg = Release|Any CPU
		{3CEF362A-DAF1-4C49-8C63-B3DB5B8D0827}.Release|Any CPU.Build.0 = Release|Any CPU
		{0519FF70-F2E2-4ADC-ADDD-8E16D3F9B0ED}.Debug|Any CPU.ActiveCfg = Debug|Any CPU
		{0519FF70-F2E2-4ADC-ADDD-8E16D3F9B0ED}.Debug|Any CPU.Build.0 = Debug|Any CPU
		{0519FF70-F2E2-4ADC-ADDD-8E16D3F9B0ED}.Release|Any CPU.ActiveCfg = Release|Any CPU
		{0519FF70-F2E2-4ADC-ADDD-8E16D3F9B0ED}.Release|Any CPU.Build.0 = Release|Any CPU
		{1A457E8E-C342-474A-8780-5FBE398DFB90}.Debug|Any CPU.ActiveCfg = Debug|Any CPU
		{1A457E8E-C342-474A-8780-5FBE398DFB90}.Debug|Any CPU.Build.0 = Debug|Any CPU
		{1A457E8E-C342-474A-8780-5FBE398DFB90}.Release|Any CPU.ActiveCfg = Release|Any CPU
		{1A457E8E-C342-474A-8780-5FBE398DFB90}.Release|Any CPU.Build.0 = Release|Any CPU
	EndGlobalSection
	GlobalSection(SolutionProperties) = preSolution
		HideSolutionNode = FALSE
	EndGlobalSection
	GlobalSection(ExtensibilityGlobals) = postSolution
		SolutionGuid = {DB23A31D-D86B-44EF-9E05-92D3ECBAAB4E}
	EndGlobalSection
EndGlobal
